# THIS IS AN AUTOGENERATED FILE. DO NOT EDIT THIS FILE DIRECTLY.
# yarn lockfile v1


"@types/lodash.isequal@^4.5.1":
  version "4.5.1"
  resolved "https://registry.yarnpkg.com/@types/lodash.isequal/-/lodash.isequal-4.5.1.tgz#154e051996f64a4a6262db8f4fd51a4b2a347ab4"
  dependencies:
    "@types/lodash" "*"

"@types/lodash@*":
  version "4.14.64"
  resolved "https://registry.yarnpkg.com/@types/lodash/-/lodash-4.14.64.tgz#979cf3a3d4a368670840bf9b3e448dc33ffe84ee"

"@xene/core@^0.0.4":
  version "0.0.4"
  resolved "https://registry.yarnpkg.com/@xene/core/-/core-0.0.4.tgz#b4562f621de5d734c75db70a3a680d6269f04bd8"

lodash.isequal@^4.5.0:
  version "4.5.0"
  resolved "https://registry.yarnpkg.com/lodash.isequal/-/lodash.isequal-4.5.0.tgz#415c4478f2bcc30120c22ce10ed3226f7d3e18e0"
