# THIS IS AN AUTOGENERATED FILE. DO NOT EDIT THIS FILE DIRECTLY.
# yarn lockfile v1


"@types/lodash@^4.14.65":
  version "4.14.65"
  resolved "https://registry.yarnpkg.com/@types/lodash/-/lodash-4.14.65.tgz#a0f78d71ffcd3c02628d5f616410c98c424326d5"

"@xene/core@^0.0.6":
  version "0.0.6"
  resolved "https://registry.yarnpkg.com/@xene/core/-/core-0.0.6.tgz#da4b7c728d054765abb4a936222b487dd88880f5"

lodash@^4.17.4:
  version "4.17.4"
  resolved "https://registry.yarnpkg.com/lodash/-/lodash-4.17.4.tgz#78203a4d1c328ae1d86dca6460e369b57f4055ae"
